
Microsoft Visual Studio Solution File, Format Version 12.00
# Visual Studio Version 17
VisualStudioVersion = 17.5.002.0
MinimumVisualStudioVersion = 10.0.40219.1
Project("{9A19103F-16F7-4668-BE54-9A1E7A4F7556}") = "ProductApi", "ProductApi.csproj", "{2BBC2F91-6E03-4E0B-988B-F0B2047684F2}"
EndProject
Global
	GlobalSection(SolutionConfigurationPlatforms) = preSolution
		Debug|Any CPU = Debug|Any CPU
		Release|Any CPU = Release|Any CPU
	EndGlobalSection
	GlobalSection(ProjectConfigurationPlatforms) = postSolution
		{2BBC2F91-6E03-4E0B-988B-F0B2047684F2}.Debug|Any CPU.ActiveCfg = Debug|Any CPU
		{2BBC2F91-6E03-4E0B-988B-F0B2047684F2}.Debug|Any CPU.Build.0 = Debug|Any CPU
		{2BBC2F91-6E03-4E0B-988B-F0B2047684F2}.Release|Any CPU.ActiveCfg = Release|Any CPU
		{2BBC2F91-6E03-4E0B-988B-F0B2047684F2}.Release|Any CPU.Build.0 = Release|Any CPU
	EndGlobalSection
	GlobalSection(SolutionProperties) = preSolution
		HideSolutionNode = FALSE
	EndGlobalSection
	GlobalSection(ExtensibilityGlobals) = postSolution
		SolutionGuid = {D910D975-21A3-458A-A8B4-A4D0202C6E5F}
	EndGlobalSection
EndGlobal
